
Microsoft Visual Studio Solution File, Format Version 12.00
# Visual Studio 15
VisualStudioVersion = 15.0.28307.489
MinimumVisualStudioVersion = 10.0.40219.1
Project("{FAE04EC0-301F-11D3-BF4B-00C04F79EFBC}") = "ConsoleApp16", "ConsoleApp16\ConsoleApp16.csproj", "{0F006D94-1B7F-43D0-B041-F9F2404B923E}"
EndProject
Global
	GlobalSection(SolutionConfigurationPlatforms) = preSolution
		Debug|Any CPU = Debug|Any CPU
		Release|Any CPU = Release|Any CPU
	EndGlobalSection
	GlobalSection(ProjectConfigurationPlatforms) = postSolution
		{0F006D94-1B7F-43D0-B041-F9F2404B923E}.Debug|Any CPU.ActiveCfg = Debug|Any CPU
		{0F006D94-1B7F-43D0-B041-F9F2404B923E}.Debug|Any CPU.Build.0 = Debug|Any CPU
		{0F006D94-1B7F-43D0-B041-F9F2404B923E}.Release|Any CPU.ActiveCfg = Release|Any CPU
		{0F006D94-1B7F-43D0-B041-F9F2404B923E}.Release|Any CPU.Build.0 = Release|Any CPU
	EndGlobalSection
	GlobalSection(SolutionProperties) = preSolution
		HideSolutionNode = FALSE
	EndGlobalSection
	GlobalSection(ExtensibilityGlobals) = postSolution
		SolutionGuid = {103984DA-A7A8-4F67-A5DF-DD0DF91243C3}
	EndGlobalSection
EndGlobal
