
Microsoft Visual Studio Solution File, Format Version 12.00
# Visual Studio 15
VisualStudioVersion = 15.0.28307.489
MinimumVisualStudioVersion = 10.0.40219.1
Project("{9A19103F-16F7-4668-BE54-9A1E7A4F7556}") = "TodoFunctional", "TodoFunctional.csproj", "{AAEE5341-16A3-4A7B-8BF2-442562BA5E97}"
EndProject
Global
	GlobalSection(SolutionConfigurationPlatforms) = preSolution
		Debug|Any CPU = Debug|Any CPU
		Release|Any CPU = Release|Any CPU
	EndGlobalSection
	GlobalSection(ProjectConfigurationPlatforms) = postSolution
		{AAEE5341-16A3-4A7B-8BF2-442562BA5E97}.Debug|Any CPU.ActiveCfg = Debug|Any CPU
		{AAEE5341-16A3-4A7B-8BF2-442562BA5E97}.Debug|Any CPU.Build.0 = Debug|Any CPU
		{AAEE5341-16A3-4A7B-8BF2-442562BA5E97}.Release|Any CPU.ActiveCfg = Release|Any CPU
		{AAEE5341-16A3-4A7B-8BF2-442562BA5E97}.Release|Any CPU.Build.0 = Release|Any CPU
	EndGlobalSection
	GlobalSection(SolutionProperties) = preSolution
		HideSolutionNode = FALSE
	EndGlobalSection
	GlobalSection(ExtensibilityGlobals) = postSolution
		SolutionGuid = {36CB48E6-5812-4E8A-A7F8-1ECB4DC4BAEB}
	EndGlobalSection
EndGlobal
